<?xml version="1.0" encoding="utf-8"?>
<Project ToolsVersion="4.0" xmlns="http://schemas.microsoft.com/developer/msbuild/2003">
  <ItemGroup>
    <Filter Include="Private"><UniqueIdentifier>{5C7FD7A2-7F43-40DB-B62D-9320C1FD7137}</UniqueIdentifier></Filter>
    <Filter Include="Public"><UniqueIdentifier>{97545342-A276-41F7-AE17-5C04C902C683}</UniqueIdentifier></Filter>
    <Filter Include="Resources"><UniqueIdentifier>{4C7DDE47-A57E-4A91-8CB2-0C86B7C4E7CB}</UniqueIdentifier></Filter>
    <Filter Include="Resources\icons"><UniqueIdentifier>{8D3693C6-CAD3-4A79-9874-B4CC68B31293}</UniqueIdentifier></Filter>
    <Filter Include="Resources\svg"><UniqueIdentifier>{6A50E780-6A89-4A80-B16D-5C11DEB1D3DA}</UniqueIdentifier></Filter>
  </ItemGroup>
  <ItemGroup>
    <ClCompile Include="Private\GhostRiggerWindowsSplash.cpp"><Filter>Private</Filter></ClCompile>
  </ItemGroup>
  <ItemGroup>
    <ClInclude Include="Public\Resource.h"><Filter>Public</Filter></ClInclude>
  </ItemGroup>
  <ItemGroup>
    <ResourceCompile Include="GhostRigger.Windows.Splash.rc"><Filter>Resources</Filter></ResourceCompile>
    <Image Include="resources\icons\ghostrigger_1024x1024.png"><Filter>Resources\icons</Filter></Image>
    <None Include="resources\svg\check.svg"><Filter>Resources\svg</Filter></None>
    <None Include="resources\svg\document.svg"><Filter>Resources\svg</Filter></None>
    <None Include="resources\svg\gear.svg"><Filter>Resources\svg</Filter></None>
    <None Include="resources\svg\spinner.svg"><Filter>Resources\svg</Filter></None>
    <None Include="resources\svg\terminal.svg"><Filter>Resources\svg</Filter></None>
    <None Include="resources\svg\trash.svg"><Filter>Resources\svg</Filter></None>
  </ItemGroup>
</Project>
