<?xml version='1.0' encoding='utf-8'?>
<Project xmlns="http://schemas.microsoft.com/developer/msbuild/2003" ToolsVersion="4.0">
  <ItemGroup>
    <Filter Include="Private">
      <UniqueIdentifier>{c99c58d2-01be-51f3-3f18-832bd042570d}</UniqueIdentifier>
    </Filter>
    <Filter Include="Private\PythonFunctions">
      <UniqueIdentifier>{e65e1f54-f0bc-283f-309f-677225da388d}</UniqueIdentifier>
    </Filter>
    <Filter Include="Public">
      <UniqueIdentifier>{279924b8-e3ff-1607-cb74-89a5e13e6b4e}</UniqueIdentifier>
    </Filter>
    <Filter Include="Public\PythonFunctions">
      <UniqueIdentifier>{132a53cb-8b8d-ff2d-ddd0-e00df1d585dc}</UniqueIdentifier>
    </Filter>
    <Filter Include="Python">
      <UniqueIdentifier>{6e09ed03-087f-3ed8-71dc-95d67bccc0e3}</UniqueIdentifier>
    </Filter>
    <Filter Include="Python\src">
      <UniqueIdentifier>{b67c8754-728a-46af-38ce-ff06eb7141a6}</UniqueIdentifier>
    </Filter>
    <Filter Include="Python\src\kotormcp">
      <UniqueIdentifier>{1ed7b25c-fb51-d2c5-937c-65c2b0b9e248}</UniqueIdentifier>
    </Filter>
    <Filter Include="Python\src\kotormcp\schemas">
      <UniqueIdentifier>{ae568d90-7f0d-a0fc-a2d1-ccc4fbbca0cb}</UniqueIdentifier>
    </Filter>
    <Filter Include="Python\src\kotormcp\tools">
      <UniqueIdentifier>{deb37897-aaa9-5268-0a7a-be5cd6b4deae}</UniqueIdentifier>
    </Filter>
    <Filter Include="Python\src\kotormcp\utils">
      <UniqueIdentifier>{a499c17a-e620-d02f-aabe-a3bbb23b9063}</UniqueIdentifier>
    </Filter>
  </ItemGroup>
  <ItemGroup>
    <ClCompile Include="Private\GhostRiggerKotorMCP.cpp">
      <Filter>Private</Filter>
    </ClCompile>
    <ClCompile Include="Private\PythonFunctions\AsyncInstanceMethods.cpp">
      <Filter>Private\PythonFunctions</Filter>
    </ClCompile>
    <ClCompile Include="Private\PythonFunctions\AsyncModuleFunctions.cpp">
      <Filter>Private\PythonFunctions</Filter>
    </ClCompile>
    <ClCompile Include="Private\PythonFunctions\AsyncNestedFunctions.cpp">
      <Filter>Private\PythonFunctions</Filter>
    </ClCompile>
    <ClCompile Include="Private\PythonFunctions\ClassMethods.cpp">
      <Filter>Private\PythonFunctions</Filter>
    </ClCompile>
    <ClCompile Include="Private\PythonFunctions\InstanceMethods.cpp">
      <Filter>Private\PythonFunctions</Filter>
    </ClCompile>
    <ClCompile Include="Private\PythonFunctions\ModuleFunctions.cpp">
      <Filter>Private\PythonFunctions</Filter>
    </ClCompile>
    <ClCompile Include="Private\PythonFunctions\NestedFunctions.cpp">
      <Filter>Private\PythonFunctions</Filter>
    </ClCompile>
    <ClCompile Include="Private\PythonFunctions\Properties.cpp">
      <Filter>Private\PythonFunctions</Filter>
    </ClCompile>
    <ClCompile Include="Private\PythonFunctions\StaticMethods.cpp">
      <Filter>Private\PythonFunctions</Filter>
    </ClCompile>
  </ItemGroup>
  <ItemGroup>
    <ClInclude Include="Public\GhostRiggerKotorMCP.h">
      <Filter>Public</Filter>
    </ClInclude>
    <ClInclude Include="Public\PythonFunctions\AsyncInstanceMethods.h">
      <Filter>Public\PythonFunctions</Filter>
    </ClInclude>
    <ClInclude Include="Public\PythonFunctions\AsyncModuleFunctions.h">
      <Filter>Public\PythonFunctions</Filter>
    </ClInclude>
    <ClInclude Include="Public\PythonFunctions\AsyncNestedFunctions.h">
      <Filter>Public\PythonFunctions</Filter>
    </ClInclude>
    <ClInclude Include="Public\PythonFunctions\ClassMethods.h">
      <Filter>Public\PythonFunctions</Filter>
    </ClInclude>
    <ClInclude Include="Public\PythonFunctions\InstanceMethods.h">
      <Filter>Public\PythonFunctions</Filter>
    </ClInclude>
    <ClInclude Include="Public\PythonFunctions\ModuleFunctions.h">
      <Filter>Public\PythonFunctions</Filter>
    </ClInclude>
    <ClInclude Include="Public\PythonFunctions\NestedFunctions.h">
      <Filter>Public\PythonFunctions</Filter>
    </ClInclude>
    <ClInclude Include="Public\PythonFunctions\Properties.h">
      <Filter>Public\PythonFunctions</Filter>
    </ClInclude>
    <ClInclude Include="Public\PythonFunctions\StaticMethods.h">
      <Filter>Public\PythonFunctions</Filter>
    </ClInclude>
  </ItemGroup>
  <ItemGroup>
    <None Include="GhostRiggerPythonPayload.json" />
    <None Include="Python\src\kotormcp\__init__.py">
      <Filter>Python\src\kotormcp</Filter>
    </None>
    <None Include="Python\src\kotormcp\__main__.py">
      <Filter>Python\src\kotormcp</Filter>
    </None>
    <None Include="Python\src\kotormcp\adapters.py">
      <Filter>Python\src\kotormcp</Filter>
    </None>
    <None Include="Python\src\kotormcp\adapters_decompile.py">
      <Filter>Python\src\kotormcp</Filter>
    </None>
    <None Include="Python\src\kotormcp\mcp_resources.py">
      <Filter>Python\src\kotormcp</Filter>
    </None>
    <None Include="Python\src\kotormcp\ports.py">
      <Filter>Python\src\kotormcp</Filter>
    </None>
    <None Include="Python\src\kotormcp\schemas\__init__.py">
      <Filter>Python\src\kotormcp\schemas</Filter>
    </None>
    <None Include="Python\src\kotormcp\server.py">
      <Filter>Python\src\kotormcp</Filter>
    </None>
    <None Include="Python\src\kotormcp\state.py">
      <Filter>Python\src\kotormcp</Filter>
    </None>
    <None Include="Python\src\kotormcp\tools\__init__.py">
      <Filter>Python\src\kotormcp\tools</Filter>
    </None>
    <None Include="Python\src\kotormcp\tools\archives.py">
      <Filter>Python\src\kotormcp\tools</Filter>
    </None>
    <None Include="Python\src\kotormcp\tools\debug_materials.py">
      <Filter>Python\src\kotormcp\tools</Filter>
    </None>
    <None Include="Python\src\kotormcp\tools\debug_skinning.py">
      <Filter>Python\src\kotormcp\tools</Filter>
    </None>
    <None Include="Python\src\kotormcp\tools\decompile.py">
      <Filter>Python\src\kotormcp\tools</Filter>
    </None>
    <None Include="Python\src\kotormcp\tools\discovery.py">
      <Filter>Python\src\kotormcp\tools</Filter>
    </None>
    <None Include="Python\src\kotormcp\tools\gamedata.py">
      <Filter>Python\src\kotormcp\tools</Filter>
    </None>
    <None Include="Python\src\kotormcp\tools\gffdata.py">
      <Filter>Python\src\kotormcp\tools</Filter>
    </None>
    <None Include="Python\src\kotormcp\tools\ghostrigger.py">
      <Filter>Python\src\kotormcp\tools</Filter>
    </None>
    <None Include="Python\src\kotormcp\tools\ghostrigger_tools.py">
      <Filter>Python\src\kotormcp\tools</Filter>
    </None>
    <None Include="Python\src\kotormcp\tools\installation.py">
      <Filter>Python\src\kotormcp\tools</Filter>
    </None>
    <None Include="Python\src\kotormcp\tools\modules.py">
      <Filter>Python\src\kotormcp\tools</Filter>
    </None>
    <None Include="Python\src\kotormcp\tools\quest.py">
      <Filter>Python\src\kotormcp\tools</Filter>
    </None>
    <None Include="Python\src\kotormcp\tools\refs.py">
      <Filter>Python\src\kotormcp\tools</Filter>
    </None>
    <None Include="Python\src\kotormcp\tools\resource.py">
      <Filter>Python\src\kotormcp\tools</Filter>
    </None>
    <None Include="Python\src\kotormcp\tools\retargeting.py">
      <Filter>Python\src\kotormcp\tools</Filter>
    </None>
    <None Include="Python\src\kotormcp\tools\walkmesh.py">
      <Filter>Python\src\kotormcp\tools</Filter>
    </None>
    <None Include="Python\src\kotormcp\utils\__init__.py">
      <Filter>Python\src\kotormcp\utils</Filter>
    </None>
    <None Include="Python\src\kotormcp\utils\formatting.py">
      <Filter>Python\src\kotormcp\utils</Filter>
    </None>
  </ItemGroup>
  <ItemGroup>
    <ResourceCompile Include="GhostRiggerPythonPayload.rc" />
  </ItemGroup>
</Project>