<?xml version='1.0' encoding='utf-8'?>
<Project xmlns="http://schemas.microsoft.com/developer/msbuild/2003" ToolsVersion="4.0">
  <ItemGroup>
    <Filter Include="Private">
      <UniqueIdentifier>{569f0959-d54f-c7a5-444d-d48035ab0828}</UniqueIdentifier>
    </Filter>
    <Filter Include="Private\PythonFunctions">
      <UniqueIdentifier>{82612afb-725c-1a60-08a9-754400a1b5ee}</UniqueIdentifier>
    </Filter>
    <Filter Include="Public">
      <UniqueIdentifier>{73f7426a-2f82-6ff9-387d-7d9167ce913a}</UniqueIdentifier>
    </Filter>
    <Filter Include="Public\PythonFunctions">
      <UniqueIdentifier>{37218eca-e8e8-8bcc-4f9c-b49c60329384}</UniqueIdentifier>
    </Filter>
    <Filter Include="Python">
      <UniqueIdentifier>{72174531-5cf6-b884-6e7a-52e8c4fdc498}</UniqueIdentifier>
    </Filter>
    <Filter Include="Python\src">
      <UniqueIdentifier>{1b239c83-5ac4-6777-7f12-51e743b88187}</UniqueIdentifier>
    </Filter>
    <Filter Include="Python\src\core">
      <UniqueIdentifier>{c8c36eef-a7ff-e61b-9592-97d18dd1086f}</UniqueIdentifier>
    </Filter>
    <Filter Include="Python\src\core\animation_retargeting">
      <UniqueIdentifier>{69d48dd0-261d-9199-0125-f9798f5a74e9}</UniqueIdentifier>
    </Filter>
  </ItemGroup>
  <ItemGroup>
    <ClCompile Include="Private\GhostRiggerAnimationRetargeting.cpp">
      <Filter>Private</Filter>
    </ClCompile>
    <ClCompile Include="Private\PythonFunctions\ModuleFunctions.cpp">
      <Filter>Private\PythonFunctions</Filter>
    </ClCompile>
    <ClCompile Include="Private\PythonFunctions\NestedFunctions.cpp">
      <Filter>Private\PythonFunctions</Filter>
    </ClCompile>
    <ClCompile Include="Private\PythonFunctions\Properties.cpp">
      <Filter>Private\PythonFunctions</Filter>
    </ClCompile>
  </ItemGroup>
  <ItemGroup>
    <ClInclude Include="Public\GhostRiggerAnimationRetargeting.h">
      <Filter>Public</Filter>
    </ClInclude>
    <ClInclude Include="Public\PythonFunctions\ModuleFunctions.h">
      <Filter>Public\PythonFunctions</Filter>
    </ClInclude>
    <ClInclude Include="Public\PythonFunctions\NestedFunctions.h">
      <Filter>Public\PythonFunctions</Filter>
    </ClInclude>
    <ClInclude Include="Public\PythonFunctions\Properties.h">
      <Filter>Public\PythonFunctions</Filter>
    </ClInclude>
  </ItemGroup>
  <ItemGroup>
    <None Include="GhostRiggerPythonPayload.json" />
    <None Include="Python\src\core\animation_retargeting\__init__.py">
      <Filter>Python\src\core\animation_retargeting</Filter>
    </None>
    <None Include="Python\src\core\animation_retargeting\retargeter.py">
      <Filter>Python\src\core\animation_retargeting</Filter>
    </None>
    <None Include="Python\src\core\animation_retargeting\skeleton_template_picker.py">
      <Filter>Python\src\core\animation_retargeting</Filter>
    </None>
  </ItemGroup>
  <ItemGroup>
    <ResourceCompile Include="GhostRiggerPythonPayload.rc" />
  </ItemGroup>
</Project>