<?xml version='1.0' encoding='utf-8'?>
<Project xmlns="http://schemas.microsoft.com/developer/msbuild/2003" ToolsVersion="4.0">
  <ItemGroup>
    <Filter Include="Private">
      <UniqueIdentifier>{1c1ff8bd-2709-acd8-eb5c-a8e44928c682}</UniqueIdentifier>
    </Filter>
    <Filter Include="Private\PythonFunctions">
      <UniqueIdentifier>{5b6bfdf9-2298-39fb-5c3d-4e2582c69f41}</UniqueIdentifier>
    </Filter>
    <Filter Include="Public">
      <UniqueIdentifier>{5646f4cb-6fd7-5aec-7c32-6c9ea251f3d7}</UniqueIdentifier>
    </Filter>
    <Filter Include="Public\PythonFunctions">
      <UniqueIdentifier>{b8229428-400f-5959-3a4f-9bf83508c882}</UniqueIdentifier>
    </Filter>
    <Filter Include="Python">
      <UniqueIdentifier>{780926a6-a385-2d0d-f1f3-950c0d388ab4}</UniqueIdentifier>
    </Filter>
    <Filter Include="Python\src">
      <UniqueIdentifier>{60084f57-204e-2c28-edf4-b3a15122d860}</UniqueIdentifier>
    </Filter>
    <Filter Include="Python\src\core">
      <UniqueIdentifier>{e53f5ba9-6ea8-10ee-5940-780bfd36f5b9}</UniqueIdentifier>
    </Filter>
    <Filter Include="Python\src\core\scene">
      <UniqueIdentifier>{11335f74-7845-7c71-2b8e-a1ec8977c9b1}</UniqueIdentifier>
    </Filter>
    <Filter Include="Python\src\gui">
      <UniqueIdentifier>{6bc2a473-be19-3d80-1a36-6704bb54edb6}</UniqueIdentifier>
    </Filter>
    <Filter Include="Python\src\gui\panels">
      <UniqueIdentifier>{d6c07730-590c-38ed-6dbb-9bc186a7ea5b}</UniqueIdentifier>
    </Filter>
  </ItemGroup>
  <ItemGroup>
    <ClCompile Include="Private\GhostRiggerToolsSceneInformation.cpp">
      <Filter>Private</Filter>
    </ClCompile>
    <ClCompile Include="Private\PythonFunctions\ClassMethods.cpp">
      <Filter>Private\PythonFunctions</Filter>
    </ClCompile>
    <ClCompile Include="Private\PythonFunctions\InstanceMethods.cpp">
      <Filter>Private\PythonFunctions</Filter>
    </ClCompile>
    <ClCompile Include="Private\PythonFunctions\ModuleFunctions.cpp">
      <Filter>Private\PythonFunctions</Filter>
    </ClCompile>
    <ClCompile Include="Private\PythonFunctions\NestedFunctions.cpp">
      <Filter>Private\PythonFunctions</Filter>
    </ClCompile>
    <ClCompile Include="Private\PythonFunctions\Properties.cpp">
      <Filter>Private\PythonFunctions</Filter>
    </ClCompile>
    <ClCompile Include="Private\PythonFunctions\StaticMethods.cpp">
      <Filter>Private\PythonFunctions</Filter>
    </ClCompile>
  </ItemGroup>
  <ItemGroup>
    <ClInclude Include="Public\GhostRiggerToolsSceneInformation.h">
      <Filter>Public</Filter>
    </ClInclude>
    <ClInclude Include="Public\PythonFunctions\ClassMethods.h">
      <Filter>Public\PythonFunctions</Filter>
    </ClInclude>
    <ClInclude Include="Public\PythonFunctions\InstanceMethods.h">
      <Filter>Public\PythonFunctions</Filter>
    </ClInclude>
    <ClInclude Include="Public\PythonFunctions\ModuleFunctions.h">
      <Filter>Public\PythonFunctions</Filter>
    </ClInclude>
    <ClInclude Include="Public\PythonFunctions\NestedFunctions.h">
      <Filter>Public\PythonFunctions</Filter>
    </ClInclude>
    <ClInclude Include="Public\PythonFunctions\Properties.h">
      <Filter>Public\PythonFunctions</Filter>
    </ClInclude>
    <ClInclude Include="Public\PythonFunctions\StaticMethods.h">
      <Filter>Public\PythonFunctions</Filter>
    </ClInclude>
  </ItemGroup>
  <ItemGroup>
    <None Include="GhostRiggerPythonPayload.json" />
    <None Include="Python\src\gui\panels\qt_scene_outliner_panel.py">
      <Filter>Python\src\gui\panels</Filter>
    </None>
    <None Include="Python\src\gui\panels\qt_inspector_panel.py">
      <Filter>Python\src\gui\panels</Filter>
    </None>
    <None Include="Python\src\core\scene\__init__.py">
      <Filter>Python\src\core\scene</Filter>
    </None>
    <None Include="Python\src\core\scene\axis_mode.py">
      <Filter>Python\src\core\scene</Filter>
    </None>
    <None Include="Python\src\core\scene\kmax_scene.py">
      <Filter>Python\src\core\scene</Filter>
    </None>
    <None Include="Python\src\core\scene\kmax_scene_manager.py">
      <Filter>Python\src\core\scene</Filter>
    </None>
    <None Include="Python\src\core\scene\kmax_serializer.py">
      <Filter>Python\src\core\scene</Filter>
    </None>
    <None Include="Python\src\core\scene\kmax_validator.py">
      <Filter>Python\src\core\scene</Filter>
    </None>
    <None Include="Python\src\core\scene\lyt_room_graph.py">
      <Filter>Python\src\core\scene</Filter>
    </None>
    <None Include="Python\src\core\scene\module_scene_import.py">
      <Filter>Python\src\core\scene</Filter>
    </None>
    <None Include="Python\src\core\scene\scene_manager.py">
      <Filter>Python\src\core\scene</Filter>
    </None>
    <None Include="Python\src\core\scene\scene_manifest.py">
      <Filter>Python\src\core\scene</Filter>
    </None>
    <None Include="Python\src\core\scene\scene_object.py">
      <Filter>Python\src\core\scene</Filter>
    </None>
    <None Include="Python\src\core\scene\scene_object_instance.py">
      <Filter>Python\src\core\scene</Filter>
    </None>
    <None Include="Python\src\core\scene\scene_resource_ref.py">
      <Filter>Python\src\core\scene</Filter>
    </None>
    <None Include="Python\src\core\scene\vis_editor.py">
      <Filter>Python\src\core\scene</Filter>
    </None>
  </ItemGroup>
  <ItemGroup>
    <ResourceCompile Include="GhostRiggerPythonPayload.rc" />
  </ItemGroup>
</Project>