<?xml version='1.0' encoding='utf-8'?>
<Project xmlns="http://schemas.microsoft.com/developer/msbuild/2003" ToolsVersion="4.0">
  <ItemGroup>
    <Filter Include="Private">
      <UniqueIdentifier>{dd85c1fd-d0f6-bd19-048b-624287b6a9a1}</UniqueIdentifier>
    </Filter>
    <Filter Include="Public">
      <UniqueIdentifier>{234dc960-ea16-ab66-f83c-1255a5e05b93}</UniqueIdentifier>
    </Filter>
    <Filter Include="Python">
      <UniqueIdentifier>{c35c250b-39b9-aa00-b4d0-14f1b7b05eaa}</UniqueIdentifier>
    </Filter>
    <Filter Include="Python\src">
      <UniqueIdentifier>{8d12a848-3979-9821-305f-24c3fa4b319f}</UniqueIdentifier>
    </Filter>
    <Filter Include="Python\src\gui">
      <UniqueIdentifier>{9ac66ee0-362c-0c00-4c5d-1dbfb2f1d71e}</UniqueIdentifier>
    </Filter>
    <Filter Include="Python\src\gui\textures">
      <UniqueIdentifier>{11a8cf4b-9d96-3a06-c876-ab52b8dd7c73}</UniqueIdentifier>
    </Filter>
  </ItemGroup>
  <ItemGroup>
    <ClCompile Include="Private\GhostRiggerGUITextures.cpp">
      <Filter>Private</Filter>
    </ClCompile>
  </ItemGroup>
  <ItemGroup>
    <ClInclude Include="Public\GhostRiggerGUITextures.h">
      <Filter>Public</Filter>
    </ClInclude>
  </ItemGroup>
  <ItemGroup>
    <None Include="GhostRiggerPythonPayload.json" />
    <None Include="Python\src\gui\textures\__init__.py">
      <Filter>Python\src\gui\textures</Filter>
    </None>
    <None Include="Python\src\gui\textures\qt_tex_atlas.py">
      <Filter>Python\src\gui\textures</Filter>
    </None>
    <None Include="Python\src\gui\textures\qt_tpc_render_utils.py">
      <Filter>Python\src\gui\textures</Filter>
    </None>
    <None Include="Python\src\gui\textures\tex_atlas.py">
      <Filter>Python\src\gui\textures</Filter>
    </None>
    <None Include="Python\src\gui\textures\tpc.py">
      <Filter>Python\src\gui\textures</Filter>
    </None>
    <None Include="Python\src\gui\textures\tpc_render_utils.py">
      <Filter>Python\src\gui\textures</Filter>
    </None>
    <None Include="Python\src\gui\textures\txi.py">
      <Filter>Python\src\gui\textures</Filter>
    </None>
  </ItemGroup>
  <ItemGroup>
    <ResourceCompile Include="GhostRiggerPythonPayload.rc" />
  </ItemGroup>
</Project>