<?xml version='1.0' encoding='utf-8'?>
<Project xmlns="http://schemas.microsoft.com/developer/msbuild/2003" ToolsVersion="4.0">
  <ItemGroup>
    <Filter Include="Private">
      <UniqueIdentifier>{31fde53a-cac3-8b9f-66b3-021526835ad3}</UniqueIdentifier>
    </Filter>
    <Filter Include="Public">
      <UniqueIdentifier>{e8c86587-5384-ef2d-692b-7a0d14bc0f1a}</UniqueIdentifier>
    </Filter>
  </ItemGroup>
  <ItemGroup>
    <ClCompile Include="Private\GhostRiggerGUIDialogsDEBUG.cpp">
      <Filter>Private</Filter>
    </ClCompile>
  </ItemGroup>
</Project>