<?xml version='1.0' encoding='utf-8'?>
<Project xmlns="http://schemas.microsoft.com/developer/msbuild/2003" ToolsVersion="4.0">
  <ItemGroup>
    <Filter Include="Private">
      <UniqueIdentifier>{ebec2609-7ed2-7c61-6bd4-f500108159f0}</UniqueIdentifier>
    </Filter>
    <Filter Include="Public">
      <UniqueIdentifier>{eef11f1e-8dd0-3bf9-ec65-7fa3763aea72}</UniqueIdentifier>
    </Filter>
  </ItemGroup>
  <ItemGroup>
    <ClCompile Include="Private\GhostRiggerSpecialDEBUG.cpp">
      <Filter>Private</Filter>
    </ClCompile>
  </ItemGroup>
</Project>