<?xml version='1.0' encoding='utf-8'?>
<Project xmlns="http://schemas.microsoft.com/developer/msbuild/2003" ToolsVersion="4.0"><ItemGroup><Filter Include="Private"><UniqueIdentifier>{b3565b83-f68f-5a17-8b82-a44d71bfb878}</UniqueIdentifier></Filter><Filter Include="Private\FBX"><UniqueIdentifier>{e61d132e-6558-56b7-bf43-99dc67b9f02f}</UniqueIdentifier></Filter><Filter Include="Private\FBX\PythonFunctions"><UniqueIdentifier>{b6b36ad9-afd4-5c49-abf8-2b8218a83841}</UniqueIdentifier></Filter><Filter Include="Private\GFF"><UniqueIdentifier>{963cffc0-4e9f-592e-a9b5-43818213fd43}</UniqueIdentifier></Filter><Filter Include="Private\GFF\PythonFunctions"><UniqueIdentifier>{feefc270-f60c-55d6-ae7e-e4744b615826}</UniqueIdentifier></Filter><Filter Include="Private\PythonFunctions"><UniqueIdentifier>{de81a3d3-469f-5040-895c-acd42e44337f}</UniqueIdentifier></Filter><Filter Include="Private\2DA"><UniqueIdentifier>{d184d625-d69b-5901-bbed-3bf5d30c3797}</UniqueIdentifier></Filter><Filter Include="Private\2DA\PythonFunctions"><UniqueIdentifier>{161a7b16-8bac-529a-a992-2313aa0f2415}</UniqueIdentifier></Filter><Filter Include="Public"><UniqueIdentifier>{be272dfe-cd3e-5cc3-bf60-f0b15d5d81d2}</UniqueIdentifier></Filter><Filter Include="Public\FBX"><UniqueIdentifier>{86ddb02c-4f1b-5864-8aa3-d4f6eafeb276}</UniqueIdentifier></Filter><Filter Include="Public\FBX\PythonFunctions"><UniqueIdentifier>{99e886b8-535a-55ea-a397-799456dc5864}</UniqueIdentifier></Filter><Filter Include="Public\GFF"><UniqueIdentifier>{b71b3f98-cdda-50b2-ab43-baee1fbd59ca}</UniqueIdentifier></Filter><Filter Include="Public\GFF\PythonFunctions"><UniqueIdentifier>{2a546e2f-9a12-5c5f-9122-cf81b411b81a}</UniqueIdentifier></Filter><Filter Include="Public\PythonFunctions"><UniqueIdentifier>{69783206-52e2-5127-a09e-7043319a89c5}</UniqueIdentifier></Filter><Filter Include="Public\2DA"><UniqueIdentifier>{21da3db6-8cd0-5b23-a29e-500b635669ef}</UniqueIdentifier></Filter><Filter Include="Public\2DA\PythonFunctions"><UniqueIdentifier>{8e0bb062-4986-567c-9ff9-1c3a02d34716}</UniqueIdentifier></Filter><Filter Include="Python"><UniqueIdentifier>{93ec0be0-2d6d-537d-859d-9e946dad02e6}</UniqueIdentifier></Filter><Filter Include="Python\src"><UniqueIdentifier>{a94f2b4e-036e-56bf-828f-0834217b9923}</UniqueIdentifier></Filter><Filter Include="Python\src\core"><UniqueIdentifier>{14ff06ba-4520-5b43-b77b-95a631ab0ba7}</UniqueIdentifier></Filter><Filter Include="Python\src\core\mdl"><UniqueIdentifier>{2f503928-3f93-5c47-9d31-fb7ad3ef7a13}</UniqueIdentifier></Filter><Filter Include="Python\src\core\templates"><UniqueIdentifier>{4798c088-e7c0-5f51-ace2-190d3b13e60d}</UniqueIdentifier></Filter><Filter Include="Python\src\formats"><UniqueIdentifier>{de89a4fe-1dd2-5ad5-8099-810e7a4fe6c9}</UniqueIdentifier></Filter><Filter Include="Python\src\io"><UniqueIdentifier>{43f12a00-594f-5fd7-a9ed-963ded5cdcc7}</UniqueIdentifier></Filter><Filter Include="Python\src\io\fbx"><UniqueIdentifier>{8b041c9d-4748-5fd6-b6c2-70b7bdab9029}</UniqueIdentifier></Filter></ItemGroup><ItemGroup><ClCompile Include="Private\GhostRiggerMDL.cpp"><Filter>Private</Filter></ClCompile><ClCompile Include="Private\PythonFunctions\ClassMethods.cpp"><Filter>Private\PythonFunctions</Filter></ClCompile><ClCompile Include="Private\PythonFunctions\InstanceMethods.cpp"><Filter>Private\PythonFunctions</Filter></ClCompile><ClCompile Include="Private\PythonFunctions\ModuleFunctions.cpp"><Filter>Private\PythonFunctions</Filter></ClCompile><ClCompile Include="Private\PythonFunctions\NestedFunctions.cpp"><Filter>Private\PythonFunctions</Filter></ClCompile><ClCompile Include="Private\PythonFunctions\StaticMethods.cpp"><Filter>Private\PythonFunctions</Filter></ClCompile><ClCompile Include="Private\FBX\FbxSdkSettings.cpp"><Filter>Private\FBX</Filter></ClCompile><ClCompile Include="Private\FBX\GhostRiggerIO.cpp"><Filter>Private\FBX</Filter></ClCompile><ClCompile Include="Private\FBX\PythonFunctions\InstanceMethods.cpp"><Filter>Private\FBX\PythonFunctions</Filter></ClCompile><ClCompile Include="Private\FBX\PythonFunctions\ModuleFunctions.cpp"><Filter>Private\FBX\PythonFunctions</Filter></ClCompile><ClCompile Include="Private\FBX\PythonFunctions\NestedFunctions.cpp"><Filter>Private\FBX\PythonFunctions</Filter></ClCompile><ClCompile Include="Private\FBX\PythonFunctions\Properties.cpp"><Filter>Private\FBX\PythonFunctions</Filter></ClCompile><ClCompile Include="Private\GFF\GhostRiggerFormats.cpp"><Filter>Private\GFF</Filter></ClCompile><ClCompile Include="Private\GFF\PythonFunctions\InstanceMethods.cpp"><Filter>Private\GFF\PythonFunctions</Filter></ClCompile><ClCompile Include="Private\GFF\PythonFunctions\ModuleFunctions.cpp"><Filter>Private\GFF\PythonFunctions</Filter></ClCompile><ClCompile Include="Private\GFF\PythonFunctions\NestedFunctions.cpp"><Filter>Private\GFF\PythonFunctions</Filter></ClCompile><ClCompile Include="Private\GFF\PythonFunctions\Properties.cpp"><Filter>Private\GFF\PythonFunctions</Filter></ClCompile><ClCompile Include="Private\2DA\GhostRiggerTemplates.cpp"><Filter>Private\2DA</Filter></ClCompile><ClCompile Include="Private\2DA\PythonFunctions\ClassMethods.cpp"><Filter>Private\2DA\PythonFunctions</Filter></ClCompile><ClCompile Include="Private\2DA\PythonFunctions\InstanceMethods.cpp"><Filter>Private\2DA\PythonFunctions</Filter></ClCompile><ClCompile Include="Private\2DA\PythonFunctions\ModuleFunctions.cpp"><Filter>Private\2DA\PythonFunctions</Filter></ClCompile><ClCompile Include="Private\2DA\PythonFunctions\NestedFunctions.cpp"><Filter>Private\2DA\PythonFunctions</Filter></ClCompile><ClCompile Include="Private\2DA\PythonFunctions\Properties.cpp"><Filter>Private\2DA\PythonFunctions</Filter></ClCompile><ClCompile Include="Private\2DA\TemplateContracts.cpp"><Filter>Private\2DA</Filter></ClCompile></ItemGroup><ItemGroup /><ItemGroup /><ItemGroup /><ItemGroup /><ItemGroup /><ItemGroup /><ItemGroup /><ItemGroup /><ItemGroup /><ItemGroup /><ItemGroup /><ItemGroup /><ItemGroup /><ItemGroup /><ItemGroup /><ItemGroup /><ItemGroup /><ItemGroup /><ItemGroup /><ItemGroup /><ItemGroup /><ItemGroup /><ItemGroup /><ItemGroup><ClInclude Include="Public\GhostRiggerMDL.h"><Filter>Public</Filter></ClInclude><ClInclude Include="Public\PythonFunctions\ClassMethods.h"><Filter>Public\PythonFunctions</Filter></ClInclude><ClInclude Include="Public\PythonFunctions\InstanceMethods.h"><Filter>Public\PythonFunctions</Filter></ClInclude><ClInclude Include="Public\PythonFunctions\ModuleFunctions.h"><Filter>Public\PythonFunctions</Filter></ClInclude><ClInclude Include="Public\PythonFunctions\NestedFunctions.h"><Filter>Public\PythonFunctions</Filter></ClInclude><ClInclude Include="Public\PythonFunctions\StaticMethods.h"><Filter>Public\PythonFunctions</Filter></ClInclude><ClInclude Include="Public\FBX\FbxSdkSettings.h"><Filter>Public\FBX</Filter></ClInclude><ClInclude Include="Public\FBX\GhostRiggerIO.h"><Filter>Public\FBX</Filter></ClInclude><ClInclude Include="Public\FBX\PythonFunctions\InstanceMethods.h"><Filter>Public\FBX\PythonFunctions</Filter></ClInclude><ClInclude Include="Public\FBX\PythonFunctions\ModuleFunctions.h"><Filter>Public\FBX\PythonFunctions</Filter></ClInclude><ClInclude Include="Public\FBX\PythonFunctions\NestedFunctions.h"><Filter>Public\FBX\PythonFunctions</Filter></ClInclude><ClInclude Include="Public\FBX\PythonFunctions\Properties.h"><Filter>Public\FBX\PythonFunctions</Filter></ClInclude><ClInclude Include="Public\GFF\GhostRiggerFormats.h"><Filter>Public\GFF</Filter></ClInclude><ClInclude Include="Public\GFF\PythonFunctions\InstanceMethods.h"><Filter>Public\GFF\PythonFunctions</Filter></ClInclude><ClInclude Include="Public\GFF\PythonFunctions\ModuleFunctions.h"><Filter>Public\GFF\PythonFunctions</Filter></ClInclude><ClInclude Include="Public\GFF\PythonFunctions\NestedFunctions.h"><Filter>Public\GFF\PythonFunctions</Filter></ClInclude><ClInclude Include="Public\GFF\PythonFunctions\Properties.h"><Filter>Public\GFF\PythonFunctions</Filter></ClInclude><ClInclude Include="Public\2DA\GhostRiggerTemplates.h"><Filter>Public\2DA</Filter></ClInclude><ClInclude Include="Public\2DA\PythonFunctions\ClassMethods.h"><Filter>Public\2DA\PythonFunctions</Filter></ClInclude><ClInclude Include="Public\2DA\PythonFunctions\InstanceMethods.h"><Filter>Public\2DA\PythonFunctions</Filter></ClInclude><ClInclude Include="Public\2DA\PythonFunctions\ModuleFunctions.h"><Filter>Public\2DA\PythonFunctions</Filter></ClInclude><ClInclude Include="Public\2DA\PythonFunctions\NestedFunctions.h"><Filter>Public\2DA\PythonFunctions</Filter></ClInclude><ClInclude Include="Public\2DA\PythonFunctions\Properties.h"><Filter>Public\2DA\PythonFunctions</Filter></ClInclude><ClInclude Include="Public\2DA\TemplateContracts.h"><Filter>Public\2DA</Filter></ClInclude></ItemGroup><ItemGroup /><ItemGroup /><ItemGroup /><ItemGroup /><ItemGroup /><ItemGroup /><ItemGroup /><ItemGroup /><ItemGroup /><ItemGroup /><ItemGroup /><ItemGroup /><ItemGroup /><ItemGroup /><ItemGroup /><ItemGroup /><ItemGroup /><ItemGroup /><ItemGroup /><ItemGroup /><ItemGroup /><ItemGroup /><ItemGroup /><ItemGroup><None Include="GhostRiggerPythonPayload.json" /><None Include="GeneratePythonPayload.py" /><None Include="Python\src\core\mdl\__init__.py"><Filter>Python\src\core\mdl</Filter></None><None Include="Python\src\core\mdl\ghostrigger_mdl_reader.py"><Filter>Python\src\core\mdl</Filter></None><None Include="Python\src\core\mdl\mdl_parser.py"><Filter>Python\src\core\mdl</Filter></None><None Include="Python\src\core\mdl\mdl_porter.py"><Filter>Python\src\core\mdl</Filter></None><None Include="Python\src\core\mdl\mdl_reader_wrapper.py"><Filter>Python\src\core\mdl</Filter></None><None Include="Python\src\core\mdl\mdl_writer.py"><Filter>Python\src\core\mdl</Filter></None><None Include="Python\src\core\templates\__init__.py"><Filter>Python\src\core\templates</Filter></None><None Include="Python\src\core\templates\_native.py"><Filter>Python\src\core\templates</Filter></None><None Include="Python\src\core\templates\template_builder.py"><Filter>Python\src\core\templates</Filter></None><None Include="Python\src\core\templates\twoda.py"><Filter>Python\src\core\templates</Filter></None><None Include="Python\src\formats\__init__.py"><Filter>Python\src\formats</Filter></None><None Include="Python\src\formats\gff_reader.py"><Filter>Python\src\formats</Filter></None><None Include="Python\src\formats\gff_types.py"><Filter>Python\src\formats</Filter></None><None Include="Python\src\formats\gff_writer.py"><Filter>Python\src\formats</Filter></None><None Include="Python\src\io\__init__.py"><Filter>Python\src\io</Filter></None><None Include="Python\src\io\fbx\__init__.py"><Filter>Python\src\io\fbx</Filter></None><None Include="Python\src\io\fbx\fbx_diagnostics.py"><Filter>Python\src\io\fbx</Filter></None><None Include="Python\src\io\fbx\fbx_exporter.py"><Filter>Python\src\io\fbx</Filter></None><None Include="Python\src\io\fbx\fbx_importer.py"><Filter>Python\src\io\fbx</Filter></None><None Include="Python\src\io\fbx\fbx_scene_adapter.py"><Filter>Python\src\io\fbx</Filter></None><None Include="Python\src\io\fbx\fbx_sdk_loader.py"><Filter>Python\src\io\fbx</Filter></None><None Include="Python\src\io\fbx\fbx_sdk_paths.py"><Filter>Python\src\io\fbx</Filter></None><None Include="Python\src\io\fbx\fbx_sdk_setup.py"><Filter>Python\src\io\fbx</Filter></None></ItemGroup><ItemGroup /><ItemGroup /><ItemGroup /><ItemGroup /><ItemGroup /><ItemGroup /><ItemGroup /><ItemGroup /><ItemGroup /><ItemGroup /><ItemGroup /><ItemGroup /><ItemGroup /><ItemGroup /><ItemGroup /><ItemGroup /><ItemGroup /><ItemGroup /><ItemGroup /><ItemGroup /><ItemGroup /><ItemGroup /><ItemGroup /><ItemGroup /><ItemGroup><ResourceCompile Include="GhostRiggerPythonPayload.rc" /></ItemGroup></Project>