<?xml version='1.0' encoding='utf-8'?>
<Project xmlns="http://schemas.microsoft.com/developer/msbuild/2003" ToolsVersion="4.0">
  <ItemGroup>
    <Filter Include="Private">
      <UniqueIdentifier>{e43ab9da-44ce-9f52-b10b-3ec49249a888}</UniqueIdentifier>
    </Filter>
    <Filter Include="Public">
      <UniqueIdentifier>{093cb67b-6768-3a81-509f-4bb4563e0e1e}</UniqueIdentifier>
    </Filter>
  </ItemGroup>
  <ItemGroup>
    <ClCompile Include="Private\GhostRiggerToolsPivotControlsDEBUG.cpp">
      <Filter>Private</Filter>
    </ClCompile>
  </ItemGroup>
</Project>