<?xml version='1.0' encoding='utf-8'?>
<Project xmlns="http://schemas.microsoft.com/developer/msbuild/2003" ToolsVersion="4.0">
  <ItemGroup>
    <Filter Include="Private">
      <UniqueIdentifier>{d4a44c17-655a-8400-bf54-fbfb4b22aa48}</UniqueIdentifier>
    </Filter>
    <Filter Include="Private\PythonFunctions">
      <UniqueIdentifier>{ac3e6ab1-273a-bc40-f47a-2656f7218bf0}</UniqueIdentifier>
    </Filter>
    <Filter Include="Public">
      <UniqueIdentifier>{a08cc120-a01b-22cc-09c1-2108d1b57d9c}</UniqueIdentifier>
    </Filter>
    <Filter Include="Public\PythonFunctions">
      <UniqueIdentifier>{990882f8-7263-bc24-48fd-02ef093202ad}</UniqueIdentifier>
    </Filter>
    <Filter Include="Python">
      <UniqueIdentifier>{624f2ff9-1a79-185d-f11d-cadb26d2b68d}</UniqueIdentifier>
    </Filter>
    <Filter Include="Python\src">
      <UniqueIdentifier>{8f79826e-714f-f7c6-406e-19b726b4c303}</UniqueIdentifier>
    </Filter>
    <Filter Include="Python\src\adapters">
      <UniqueIdentifier>{699f07db-6f26-e774-68d2-a00b4f074220}</UniqueIdentifier>
    </Filter>
    <Filter Include="Python\src\adapters\qt_viewport">
      <UniqueIdentifier>{92b280e5-bf8d-f693-16f4-2311eaf1e1f1}</UniqueIdentifier>
    </Filter>
    <Filter Include="Python\src\core">
      <UniqueIdentifier>{6091b1a2-07bb-674c-2e28-f7c5aaf681a5}</UniqueIdentifier>
    </Filter>
    <Filter Include="Python\src\core\lighting">
      <UniqueIdentifier>{66a22459-9027-aca5-2b99-4f9a80ad8189}</UniqueIdentifier>
    </Filter>
    <Filter Include="Python\src\gui">
      <UniqueIdentifier>{603ca27e-f7fc-e83c-dd2e-bfb5889caa62}</UniqueIdentifier>
    </Filter>
    <Filter Include="Python\src\gui\lighting">
      <UniqueIdentifier>{589873d7-194b-7d96-84d0-52e1befa1a6f}</UniqueIdentifier>
    </Filter>
    <Filter Include="Python\src\gui\panels">
      <UniqueIdentifier>{2e63cf41-e6a4-7aec-123d-843cdaf7e58a}</UniqueIdentifier>
    </Filter>
  </ItemGroup>
  <ItemGroup>
    <ClCompile Include="Private\GhostRiggerToolsLighting.cpp">
      <Filter>Private</Filter>
    </ClCompile>
    <ClCompile Include="Private\PythonFunctions\ClassMethods.cpp">
      <Filter>Private\PythonFunctions</Filter>
    </ClCompile>
    <ClCompile Include="Private\PythonFunctions\InstanceMethods.cpp">
      <Filter>Private\PythonFunctions</Filter>
    </ClCompile>
    <ClCompile Include="Private\PythonFunctions\ModuleFunctions.cpp">
      <Filter>Private\PythonFunctions</Filter>
    </ClCompile>
    <ClCompile Include="Private\PythonFunctions\NestedFunctions.cpp">
      <Filter>Private\PythonFunctions</Filter>
    </ClCompile>
    <ClCompile Include="Private\PythonFunctions\Properties.cpp">
      <Filter>Private\PythonFunctions</Filter>
    </ClCompile>
    <ClCompile Include="Private\PythonFunctions\StaticMethods.cpp">
      <Filter>Private\PythonFunctions</Filter>
    </ClCompile>
  </ItemGroup>
  <ItemGroup>
    <ClInclude Include="Public\GhostRiggerToolsLighting.h">
      <Filter>Public</Filter>
    </ClInclude>
    <ClInclude Include="Public\PythonFunctions\ClassMethods.h">
      <Filter>Public\PythonFunctions</Filter>
    </ClInclude>
    <ClInclude Include="Public\PythonFunctions\InstanceMethods.h">
      <Filter>Public\PythonFunctions</Filter>
    </ClInclude>
    <ClInclude Include="Public\PythonFunctions\ModuleFunctions.h">
      <Filter>Public\PythonFunctions</Filter>
    </ClInclude>
    <ClInclude Include="Public\PythonFunctions\NestedFunctions.h">
      <Filter>Public\PythonFunctions</Filter>
    </ClInclude>
    <ClInclude Include="Public\PythonFunctions\Properties.h">
      <Filter>Public\PythonFunctions</Filter>
    </ClInclude>
    <ClInclude Include="Public\PythonFunctions\StaticMethods.h">
      <Filter>Public\PythonFunctions</Filter>
    </ClInclude>
  </ItemGroup>
  <ItemGroup>
    <None Include="GhostRiggerPythonPayload.json" />
    <None Include="GeneratePythonPayload.py" />
    <None Include="Python\src\gui\panels\qt_lighting_panel.py">
      <Filter>Python\src\gui\panels</Filter>
    </None>
    <None Include="Python\src\core\lighting\__init__.py">
      <Filter>Python\src\core\lighting</Filter>
    </None>
    <None Include="Python\src\core\lighting\aurora_light_adapter.py">
      <Filter>Python\src\core\lighting</Filter>
    </None>
    <None Include="Python\src\core\lighting\light_export_bridge.py">
      <Filter>Python\src\core\lighting</Filter>
    </None>
    <None Include="Python\src\core\lighting\light_gizmo_renderer.py">
      <Filter>Python\src\core\lighting</Filter>
    </None>
    <None Include="Python\src\core\lighting\light_grouping.py">
      <Filter>Python\src\core\lighting</Filter>
    </None>
    <None Include="Python\src\core\lighting\light_manager.py">
      <Filter>Python\src\core\lighting</Filter>
    </None>
    <None Include="Python\src\core\lighting\light_model.py">
      <Filter>Python\src\core\lighting</Filter>
    </None>
    <None Include="Python\src\core\lighting\light_picker.py">
      <Filter>Python\src\core\lighting</Filter>
    </None>
    <None Include="Python\src\core\lighting\light_selection.py">
      <Filter>Python\src\core\lighting</Filter>
    </None>
    <None Include="Python\src\core\lighting\light_types.py">
      <Filter>Python\src\core\lighting</Filter>
    </None>
    <None Include="Python\src\core\lighting\lighting_rig_presets.py">
      <Filter>Python\src\core\lighting</Filter>
    </None>
    <None Include="Python\src\core\lighting\lightmap_bake_job.py">
      <Filter>Python\src\core\lighting</Filter>
    </None>
    <None Include="Python\src\core\lighting\lightmap_bake_settings.py">
      <Filter>Python\src\core\lighting</Filter>
    </None>
    <None Include="Python\src\core\lighting\lightmap_baker.py">
      <Filter>Python\src\core\lighting</Filter>
    </None>
    <None Include="Python\src\core\lighting\lightmap_compare.py">
      <Filter>Python\src\core\lighting</Filter>
    </None>
    <None Include="Python\src\core\lighting\lightmap_controller.py">
      <Filter>Python\src\core\lighting</Filter>
    </None>
    <None Include="Python\src\core\lighting\lightmap_denoiser.py">
      <Filter>Python\src\core\lighting</Filter>
    </None>
    <None Include="Python\src\core\lighting\lightmap_export_bridge.py">
      <Filter>Python\src\core\lighting</Filter>
    </None>
    <None Include="Python\src\core\lighting\lightmap_lighting_solver.py">
      <Filter>Python\src\core\lighting</Filter>
    </None>
    <None Include="Python\src\core\lighting\lightmap_manifest.py">
      <Filter>Python\src\core\lighting</Filter>
    </None>
    <None Include="Python\src\core\lighting\lightmap_output.py">
      <Filter>Python\src\core\lighting</Filter>
    </None>
    <None Include="Python\src\core\lighting\lightmap_padding.py">
      <Filter>Python\src\core\lighting</Filter>
    </None>
    <None Include="Python\src\core\lighting\lightmap_rasterizer.py">
      <Filter>Python\src\core\lighting</Filter>
    </None>
    <None Include="Python\src\core\lighting\lightmap_sampler.py">
      <Filter>Python\src\core\lighting</Filter>
    </None>
    <None Include="Python\src\core\lighting\lightmap_shadow_solver.py">
      <Filter>Python\src\core\lighting</Filter>
    </None>
    <None Include="Python\src\core\lighting\lightmap_uv_validator.py">
      <Filter>Python\src\core\lighting</Filter>
    </None>
    <None Include="Python\src\core\lighting\material_map_controller.py">
      <Filter>Python\src\core\lighting</Filter>
    </None>
    <None Include="Python\src\core\lighting\particle_emitter.py">
      <Filter>Python\src\core\lighting</Filter>
    </None>
    <None Include="Python\src\core\lighting\preview_cache.py">
      <Filter>Python\src\core\lighting</Filter>
    </None>
    <None Include="Python\src\core\lighting\raycast_backend.py">
      <Filter>Python\src\core\lighting</Filter>
    </None>
    <None Include="Python\src\core\lighting\render_data.py">
      <Filter>Python\src\core\lighting</Filter>
    </None>
    <None Include="Python\src\core\lighting\settings.py">
      <Filter>Python\src\core\lighting</Filter>
    </None>
    <None Include="Python\src\core\lighting\shader_complexity.py">
      <Filter>Python\src\core\lighting</Filter>
    </None>
    <None Include="Python\src\core\lighting\uv_atlas_generator.py">
      <Filter>Python\src\core\lighting</Filter>
    </None>
    <None Include="Python\src\core\lighting\uv_channel_info.py">
      <Filter>Python\src\core\lighting</Filter>
    </None>
    <None Include="Python\src\gui\lighting\__init__.py">
      <Filter>Python\src\gui\lighting</Filter>
    </None>
    <None Include="Python\src\gui\lighting\aurora_light_adapter.py">
      <Filter>Python\src\gui\lighting</Filter>
    </None>
    <None Include="Python\src\gui\lighting\light_export_bridge.py">
      <Filter>Python\src\gui\lighting</Filter>
    </None>
    <None Include="Python\src\gui\lighting\light_gizmo_renderer.py">
      <Filter>Python\src\gui\lighting</Filter>
    </None>
    <None Include="Python\src\gui\lighting\light_grouping.py">
      <Filter>Python\src\gui\lighting</Filter>
    </None>
    <None Include="Python\src\gui\lighting\light_manager.py">
      <Filter>Python\src\gui\lighting</Filter>
    </None>
    <None Include="Python\src\gui\lighting\light_model.py">
      <Filter>Python\src\gui\lighting</Filter>
    </None>
    <None Include="Python\src\gui\lighting\light_picker.py">
      <Filter>Python\src\gui\lighting</Filter>
    </None>
    <None Include="Python\src\gui\lighting\light_selection.py">
      <Filter>Python\src\gui\lighting</Filter>
    </None>
    <None Include="Python\src\gui\lighting\light_types.py">
      <Filter>Python\src\gui\lighting</Filter>
    </None>
    <None Include="Python\src\gui\lighting\lighting_rig_presets.py">
      <Filter>Python\src\gui\lighting</Filter>
    </None>
    <None Include="Python\src\gui\lighting\lighting_viewport_controller.py">
      <Filter>Python\src\gui\lighting</Filter>
    </None>
    <None Include="Python\src\gui\lighting\lightmap_bake_job.py">
      <Filter>Python\src\gui\lighting</Filter>
    </None>
    <None Include="Python\src\gui\lighting\lightmap_bake_settings.py">
      <Filter>Python\src\gui\lighting</Filter>
    </None>
    <None Include="Python\src\gui\lighting\lightmap_bake_worker.py">
      <Filter>Python\src\gui\lighting</Filter>
    </None>
    <None Include="Python\src\gui\lighting\lightmap_baker.py">
      <Filter>Python\src\gui\lighting</Filter>
    </None>
    <None Include="Python\src\gui\lighting\lightmap_compare.py">
      <Filter>Python\src\gui\lighting</Filter>
    </None>
    <None Include="Python\src\gui\lighting\lightmap_controller.py">
      <Filter>Python\src\gui\lighting</Filter>
    </None>
    <None Include="Python\src\gui\lighting\lightmap_denoiser.py">
      <Filter>Python\src\gui\lighting</Filter>
    </None>
    <None Include="Python\src\gui\lighting\lightmap_export_bridge.py">
      <Filter>Python\src\gui\lighting</Filter>
    </None>
    <None Include="Python\src\gui\lighting\lightmap_gpu_solver.py">
      <Filter>Python\src\gui\lighting</Filter>
    </None>
    <None Include="Python\src\gui\lighting\lightmap_lighting_solver.py">
      <Filter>Python\src\gui\lighting</Filter>
    </None>
    <None Include="Python\src\gui\lighting\lightmap_manifest.py">
      <Filter>Python\src\gui\lighting</Filter>
    </None>
    <None Include="Python\src\gui\lighting\lightmap_output.py">
      <Filter>Python\src\gui\lighting</Filter>
    </None>
    <None Include="Python\src\gui\lighting\lightmap_padding.py">
      <Filter>Python\src\gui\lighting</Filter>
    </None>
    <None Include="Python\src\gui\lighting\lightmap_rasterizer.py">
      <Filter>Python\src\gui\lighting</Filter>
    </None>
    <None Include="Python\src\gui\lighting\lightmap_sampler.py">
      <Filter>Python\src\gui\lighting</Filter>
    </None>
    <None Include="Python\src\gui\lighting\lightmap_shadow_solver.py">
      <Filter>Python\src\gui\lighting</Filter>
    </None>
    <None Include="Python\src\gui\lighting\lightmap_uv_validator.py">
      <Filter>Python\src\gui\lighting</Filter>
    </None>
    <None Include="Python\src\gui\lighting\material_map_controller.py">
      <Filter>Python\src\gui\lighting</Filter>
    </None>
    <None Include="Python\src\gui\lighting\preview_cache.py">
      <Filter>Python\src\gui\lighting</Filter>
    </None>
    <None Include="Python\src\gui\lighting\raycast_backend.py">
      <Filter>Python\src\gui\lighting</Filter>
    </None>
    <None Include="Python\src\gui\lighting\render_data.py">
      <Filter>Python\src\gui\lighting</Filter>
    </None>
    <None Include="Python\src\gui\lighting\settings.py">
      <Filter>Python\src\gui\lighting</Filter>
    </None>
    <None Include="Python\src\gui\lighting\shader_complexity.py">
      <Filter>Python\src\gui\lighting</Filter>
    </None>
    <None Include="Python\src\gui\lighting\uv_atlas_generator.py">
      <Filter>Python\src\gui\lighting</Filter>
    </None>
    <None Include="Python\src\gui\lighting\uv_channel_info.py">
      <Filter>Python\src\gui\lighting</Filter>
    </None>
    <None Include="Python\src\adapters\qt_viewport\lighting_viewport_controller.py">
      <Filter>Python\src\adapters\qt_viewport</Filter>
    </None>
  </ItemGroup>
  <ItemGroup>
    <ResourceCompile Include="GhostRiggerPythonPayload.rc" />
  </ItemGroup>
</Project>