<?xml version='1.0' encoding='utf-8'?>
<Project xmlns="http://schemas.microsoft.com/developer/msbuild/2003" ToolsVersion="4.0">
  <ItemGroup>
    <Filter Include="Private">
      <UniqueIdentifier>{1c8b2015-4f9f-6255-53b1-98485e9bcb75}</UniqueIdentifier>
    </Filter>
    <Filter Include="Private\PythonFunctions">
      <UniqueIdentifier>{f5185bc3-77b8-9e7f-9787-1b3d8560faf9}</UniqueIdentifier>
    </Filter>
    <Filter Include="Public">
      <UniqueIdentifier>{ee27b32a-3391-0352-22b5-68b45643b16f}</UniqueIdentifier>
    </Filter>
    <Filter Include="Public\PythonFunctions">
      <UniqueIdentifier>{6795d72a-b0b5-473f-70a3-2b44d8d72d37}</UniqueIdentifier>
    </Filter>
    <Filter Include="Python">
      <UniqueIdentifier>{f1b5e08a-2151-ff1d-5992-af8f9fe79cb1}</UniqueIdentifier>
    </Filter>
    <Filter Include="Python\src">
      <UniqueIdentifier>{e1729b7e-4e1c-1edb-2d7b-f2c16407f6b5}</UniqueIdentifier>
    </Filter>
    <Filter Include="Python\src\core">
      <UniqueIdentifier>{a7a9fe46-d83c-2ffc-f820-2eca39edf5a0}</UniqueIdentifier>
    </Filter>
    <Filter Include="Python\src\core\animation">
      <UniqueIdentifier>{c64e6e2b-ff95-aa0a-43aa-24e376315593}</UniqueIdentifier>
    </Filter>
    <Filter Include="Python\src\core\animation\skinning_profiles">
      <UniqueIdentifier>{abc4f4e7-10bd-12ff-1e52-f5d6760746e2}</UniqueIdentifier>
    </Filter>
    <Filter Include="Python\src\core\animation\skinning_profiles\types">
      <UniqueIdentifier>{1ac5179d-9946-e2ce-8bec-67d4b8dd9e82}</UniqueIdentifier>
    </Filter>
    <Filter Include="Python\src\core\animation\skinning_profiles\types\characters">
      <UniqueIdentifier>{828c9a42-227f-1f11-65bf-d3a1c14b6f8a}</UniqueIdentifier>
    </Filter>
    <Filter Include="Python\src\core\animation\skinning_profiles\types\creatures">
      <UniqueIdentifier>{8c6a977d-4cb4-a419-26bb-536b5aaac7da}</UniqueIdentifier>
    </Filter>
    <Filter Include="Python\src\core\animation\skinning_profiles\types\droids">
      <UniqueIdentifier>{11595a77-f19b-13a8-6997-206c9c1803e5}</UniqueIdentifier>
    </Filter>
    <Filter Include="Python\src\core\animation\skinning_profiles\types\specialcase">
      <UniqueIdentifier>{210c99a7-9117-17a1-46af-690a48219802}</UniqueIdentifier>
    </Filter>
    <Filter Include="Python\src\core\animation\skinning_profiles\types\supermodels">
      <UniqueIdentifier>{5b466b08-ee37-026e-25e3-1913d1563571}</UniqueIdentifier>
    </Filter>
    <Filter Include="Python\src\core\animation\skinning_profiles\types\turrets">
      <UniqueIdentifier>{9eb2d406-1eb5-95be-993d-1aec3b63857c}</UniqueIdentifier>
    </Filter>
    <Filter Include="Python\src\core\skeleton">
      <UniqueIdentifier>{9c244bfe-4655-85e0-0322-ad19e5899316}</UniqueIdentifier>
    </Filter>
    <Filter Include="Python\src\gui">
      <UniqueIdentifier>{3fdda672-1a37-d4ab-60e2-2826f4b7a123}</UniqueIdentifier>
    </Filter>
    <Filter Include="Python\src\gui\panels">
      <UniqueIdentifier>{5b6c476b-947c-ae96-4542-cdcb7c8be6e0}</UniqueIdentifier>
    </Filter>
  </ItemGroup>
  <ItemGroup>
    <ClCompile Include="Private\GhostRiggerToolsNodesSkeletonBrowser.cpp">
      <Filter>Private</Filter>
    </ClCompile>
    <ClCompile Include="Private\PythonFunctions\ClassMethods.cpp">
      <Filter>Private\PythonFunctions</Filter>
    </ClCompile>
    <ClCompile Include="Private\PythonFunctions\InstanceMethods.cpp">
      <Filter>Private\PythonFunctions</Filter>
    </ClCompile>
    <ClCompile Include="Private\PythonFunctions\ModuleFunctions.cpp">
      <Filter>Private\PythonFunctions</Filter>
    </ClCompile>
    <ClCompile Include="Private\PythonFunctions\NestedFunctions.cpp">
      <Filter>Private\PythonFunctions</Filter>
    </ClCompile>
    <ClCompile Include="Private\PythonFunctions\Properties.cpp">
      <Filter>Private\PythonFunctions</Filter>
    </ClCompile>
    <ClCompile Include="Private\PythonFunctions\StaticMethods.cpp">
      <Filter>Private\PythonFunctions</Filter>
    </ClCompile>
  </ItemGroup>
  <ItemGroup>
    <ClInclude Include="Public\GhostRiggerToolsNodesSkeletonBrowser.h">
      <Filter>Public</Filter>
    </ClInclude>
    <ClInclude Include="Public\PythonFunctions\ClassMethods.h">
      <Filter>Public\PythonFunctions</Filter>
    </ClInclude>
    <ClInclude Include="Public\PythonFunctions\InstanceMethods.h">
      <Filter>Public\PythonFunctions</Filter>
    </ClInclude>
    <ClInclude Include="Public\PythonFunctions\ModuleFunctions.h">
      <Filter>Public\PythonFunctions</Filter>
    </ClInclude>
    <ClInclude Include="Public\PythonFunctions\NestedFunctions.h">
      <Filter>Public\PythonFunctions</Filter>
    </ClInclude>
    <ClInclude Include="Public\PythonFunctions\Properties.h">
      <Filter>Public\PythonFunctions</Filter>
    </ClInclude>
    <ClInclude Include="Public\PythonFunctions\StaticMethods.h">
      <Filter>Public\PythonFunctions</Filter>
    </ClInclude>
  </ItemGroup>
  <ItemGroup>
    <None Include="GhostRiggerPythonPayload.json" />
    <None Include="Python\src\gui\panels\qt_skeleton_panel.py">
      <Filter>Python\src\gui\panels</Filter>
    </None>
    <None Include="Python\src\core\skeleton\__init__.py">
      <Filter>Python\src\core\skeleton</Filter>
    </None>
    <None Include="Python\src\core\skeleton\skeleton_builder.py">
      <Filter>Python\src\core\skeleton</Filter>
    </None>
    <None Include="Python\src\core\animation\__init__.py">
      <Filter>Python\src\core\animation</Filter>
    </None>
    <None Include="Python\src\core\animation\animation_engine.py">
      <Filter>Python\src\core\animation</Filter>
    </None>
    <None Include="Python\src\core\animation\animation_library.py">
      <Filter>Python\src\core\animation</Filter>
    </None>
    <None Include="Python\src\core\animation\gpu_skinning.py">
      <Filter>Python\src\core\animation</Filter>
    </None>
    <None Include="Python\src\core\animation\skinning_profiles\__init__.py">
      <Filter>Python\src\core\animation\skinning_profiles</Filter>
    </None>
    <None Include="Python\src\core\animation\skinning_profiles\animation_supermodel_skinning.py">
      <Filter>Python\src\core\animation\skinning_profiles</Filter>
    </None>
    <None Include="Python\src\core\animation\skinning_profiles\creature_skinning.py">
      <Filter>Python\src\core\animation\skinning_profiles</Filter>
    </None>
    <None Include="Python\src\core\animation\skinning_profiles\default_skinning.py">
      <Filter>Python\src\core\animation\skinning_profiles</Filter>
    </None>
    <None Include="Python\src\core\animation\skinning_profiles\droid_rigid_skinning.py">
      <Filter>Python\src\core\animation\skinning_profiles</Filter>
    </None>
    <None Include="Python\src\core\animation\skinning_profiles\droid_skinned_skinning.py">
      <Filter>Python\src\core\animation\skinning_profiles</Filter>
    </None>
    <None Include="Python\src\core\animation\skinning_profiles\generated_character_skinning.py">
      <Filter>Python\src\core\animation\skinning_profiles</Filter>
    </None>
    <None Include="Python\src\core\animation\skinning_profiles\head_attachment_skinning.py">
      <Filter>Python\src\core\animation\skinning_profiles</Filter>
    </None>
    <None Include="Python\src\core\animation\skinning_profiles\humanoid_supermodel_skinning.py">
      <Filter>Python\src\core\animation\skinning_profiles</Filter>
    </None>
    <None Include="Python\src\core\animation\skinning_profiles\local_character_skinning.py">
      <Filter>Python\src\core\animation\skinning_profiles</Filter>
    </None>
    <None Include="Python\src\core\animation\skinning_profiles\modular_body_skinning.py">
      <Filter>Python\src\core\animation\skinning_profiles</Filter>
    </None>
    <None Include="Python\src\core\animation\skinning_profiles\types\__init__.py">
      <Filter>Python\src\core\animation\skinning_profiles\types</Filter>
    </None>
    <None Include="Python\src\core\animation\skinning_profiles\types\characters\__init__.py">
      <Filter>Python\src\core\animation\skinning_profiles\types\characters</Filter>
    </None>
    <None Include="Python\src\core\animation\skinning_profiles\types\characters\bith.py">
      <Filter>Python\src\core\animation\skinning_profiles\types\characters</Filter>
    </None>
    <None Include="Python\src\core\animation\skinning_profiles\types\characters\duros.py">
      <Filter>Python\src\core\animation\skinning_profiles\types\characters</Filter>
    </None>
    <None Include="Python\src\core\animation\skinning_profiles\types\characters\hero.py">
      <Filter>Python\src\core\animation\skinning_profiles\types\characters</Filter>
    </None>
    <None Include="Python\src\core\animation\skinning_profiles\types\characters\human.py">
      <Filter>Python\src\core\animation\skinning_profiles\types\characters</Filter>
    </None>
    <None Include="Python\src\core\animation\skinning_profiles\types\characters\mandalorian.py">
      <Filter>Python\src\core\animation\skinning_profiles\types\characters</Filter>
    </None>
    <None Include="Python\src\core\animation\skinning_profiles\types\characters\party.py">
      <Filter>Python\src\core\animation\skinning_profiles\types\characters</Filter>
    </None>
    <None Include="Python\src\core\animation\skinning_profiles\types\characters\sith.py">
      <Filter>Python\src\core\animation\skinning_profiles\types\characters</Filter>
    </None>
    <None Include="Python\src\core\animation\skinning_profiles\types\characters\wookie.py">
      <Filter>Python\src\core\animation\skinning_profiles\types\characters</Filter>
    </None>
    <None Include="Python\src\core\animation\skinning_profiles\types\creatures\__init__.py">
      <Filter>Python\src\core\animation\skinning_profiles\types\creatures</Filter>
    </None>
    <None Include="Python\src\core\animation\skinning_profiles\types\creatures\selkath.py">
      <Filter>Python\src\core\animation\skinning_profiles\types\creatures</Filter>
    </None>
    <None Include="Python\src\core\animation\skinning_profiles\types\droids\__init__.py">
      <Filter>Python\src\core\animation\skinning_profiles\types\droids</Filter>
    </None>
    <None Include="Python\src\core\animation\skinning_profiles\types\droids\battledroid.py">
      <Filter>Python\src\core\animation\skinning_profiles\types\droids</Filter>
    </None>
    <None Include="Python\src\core\animation\skinning_profiles\types\droids\t3m3.py">
      <Filter>Python\src\core\animation\skinning_profiles\types\droids</Filter>
    </None>
    <None Include="Python\src\core\animation\skinning_profiles\types\droids\t3m4.py">
      <Filter>Python\src\core\animation\skinning_profiles\types\droids</Filter>
    </None>
    <None Include="Python\src\core\animation\skinning_profiles\types\droids\utilitydroid.py">
      <Filter>Python\src\core\animation\skinning_profiles\types\droids</Filter>
    </None>
    <None Include="Python\src\core\animation\skinning_profiles\types\generated_character_skinning.py">
      <Filter>Python\src\core\animation\skinning_profiles\types</Filter>
    </None>
    <None Include="Python\src\core\animation\skinning_profiles\types\specialcase\__init__.py">
      <Filter>Python\src\core\animation\skinning_profiles\types\specialcase</Filter>
    </None>
    <None Include="Python\src\core\animation\skinning_profiles\types\specialcase\bastila.py">
      <Filter>Python\src\core\animation\skinning_profiles\types\specialcase</Filter>
    </None>
    <None Include="Python\src\core\animation\skinning_profiles\types\specialcase\kreia.py">
      <Filter>Python\src\core\animation\skinning_profiles\types\specialcase</Filter>
    </None>
    <None Include="Python\src\core\animation\skinning_profiles\types\specialcase\malak.py">
      <Filter>Python\src\core\animation\skinning_profiles\types\specialcase</Filter>
    </None>
    <None Include="Python\src\core\animation\skinning_profiles\types\specialcase\nihlus.py">
      <Filter>Python\src\core\animation\skinning_profiles\types\specialcase</Filter>
    </None>
    <None Include="Python\src\core\animation\skinning_profiles\types\specialcase\revan.py">
      <Filter>Python\src\core\animation\skinning_profiles\types\specialcase</Filter>
    </None>
    <None Include="Python\src\core\animation\skinning_profiles\types\specialcase\sion.py">
      <Filter>Python\src\core\animation\skinning_profiles\types\specialcase</Filter>
    </None>
    <None Include="Python\src\core\animation\skinning_profiles\types\supermodels\__init__.py">
      <Filter>Python\src\core\animation\skinning_profiles\types\supermodels</Filter>
    </None>
    <None Include="Python\src\core\animation\skinning_profiles\types\supermodels\supermodel_female.py">
      <Filter>Python\src\core\animation\skinning_profiles\types\supermodels</Filter>
    </None>
    <None Include="Python\src\core\animation\skinning_profiles\types\supermodels\supermodel_male.py">
      <Filter>Python\src\core\animation\skinning_profiles\types\supermodels</Filter>
    </None>
    <None Include="Python\src\core\animation\skinning_profiles\types\turrets\__init__.py">
      <Filter>Python\src\core\animation\skinning_profiles\types\turrets</Filter>
    </None>
    <None Include="Python\src\core\animation\skinning_profiles\types\turrets\turret_01.py">
      <Filter>Python\src\core\animation\skinning_profiles\types\turrets</Filter>
    </None>
  </ItemGroup>
  <ItemGroup>
    <ResourceCompile Include="GhostRiggerPythonPayload.rc" />
  </ItemGroup>
</Project>