<?xml version='1.0' encoding='utf-8'?>
<Project xmlns="http://schemas.microsoft.com/developer/msbuild/2003" ToolsVersion="4.0">
  <ItemGroup>
    <Filter Include="Private">
      <UniqueIdentifier>{47872e8b-1129-0667-1819-528302862ac3}</UniqueIdentifier>
    </Filter>
    <Filter Include="Private\PythonFunctions">
      <UniqueIdentifier>{77f5ea1c-bd12-2109-b15d-7eec3ff74e7b}</UniqueIdentifier>
    </Filter>
    <Filter Include="Public">
      <UniqueIdentifier>{c52e6e42-6e59-bcc4-f699-fa73c72be43e}</UniqueIdentifier>
    </Filter>
    <Filter Include="Public\PythonFunctions">
      <UniqueIdentifier>{d187f4c7-149a-c803-239f-fbe5eaed5819}</UniqueIdentifier>
    </Filter>
    <Filter Include="Python">
      <UniqueIdentifier>{bada5098-399f-db27-23f4-44d946fc35e4}</UniqueIdentifier>
    </Filter>
    <Filter Include="Python\src">
      <UniqueIdentifier>{50b5a731-3eb5-f704-caad-0d52f46abf77}</UniqueIdentifier>
    </Filter>
    <Filter Include="Python\src\gui">
      <UniqueIdentifier>{36a01db3-248c-b0be-86f4-c264f9aa41d9}</UniqueIdentifier>
    </Filter>
    <Filter Include="Python\src\gui\windows">
      <UniqueIdentifier>{7df8d91c-332d-e9a0-e6de-7906fbdeec11}</UniqueIdentifier>
    </Filter>
  </ItemGroup>
  <ItemGroup>
    <ClCompile Include="Private\GhostRiggerWindowsUnrealAnimatorWindow.cpp">
      <Filter>Private</Filter>
    </ClCompile>
    <ClCompile Include="Private\PythonFunctions\ClassMethods.cpp">
      <Filter>Private\PythonFunctions</Filter>
    </ClCompile>
    <ClCompile Include="Private\PythonFunctions\InstanceMethods.cpp">
      <Filter>Private\PythonFunctions</Filter>
    </ClCompile>
    <ClCompile Include="Private\PythonFunctions\StaticMethods.cpp">
      <Filter>Private\PythonFunctions</Filter>
    </ClCompile>
  </ItemGroup>
  <ItemGroup>
    <ClInclude Include="Public\GhostRiggerWindowsUnrealAnimatorWindow.h">
      <Filter>Public</Filter>
    </ClInclude>
    <ClInclude Include="Public\PythonFunctions\ClassMethods.h">
      <Filter>Public\PythonFunctions</Filter>
    </ClInclude>
    <ClInclude Include="Public\PythonFunctions\InstanceMethods.h">
      <Filter>Public\PythonFunctions</Filter>
    </ClInclude>
    <ClInclude Include="Public\PythonFunctions\StaticMethods.h">
      <Filter>Public\PythonFunctions</Filter>
    </ClInclude>
  </ItemGroup>
  <ItemGroup>
    <None Include="GhostRiggerPythonPayload.json" />
    <None Include="Python\src\gui\windows\qt_unreal_animator.py">
      <Filter>Python\src\gui\windows</Filter>
    </None>
  </ItemGroup>
  <ItemGroup>
    <ResourceCompile Include="GhostRiggerPythonPayload.rc" />
  </ItemGroup>
</Project>