<?xml version='1.0' encoding='utf-8'?>
<Project xmlns="http://schemas.microsoft.com/developer/msbuild/2003" ToolsVersion="4.0">
  <ItemGroup>
    <Filter Include="Private">
      <UniqueIdentifier>{0aad077c-b20f-9581-0382-e6734510fde3}</UniqueIdentifier>
    </Filter>
    <Filter Include="Private\PythonFunctions">
      <UniqueIdentifier>{40197157-44f2-1426-21ad-97a3209f21c2}</UniqueIdentifier>
    </Filter>
    <Filter Include="Public">
      <UniqueIdentifier>{1c45aae8-984e-9101-f295-d801ccf6a4e0}</UniqueIdentifier>
    </Filter>
    <Filter Include="Public\PythonFunctions">
      <UniqueIdentifier>{d7637795-1640-1574-0fe3-05545d2b02c5}</UniqueIdentifier>
    </Filter>
    <Filter Include="Python">
      <UniqueIdentifier>{2faf9441-dcc7-a955-0207-79219e9d663e}</UniqueIdentifier>
    </Filter>
    <Filter Include="Python\src">
      <UniqueIdentifier>{111dc0c0-4077-203b-bd6b-959841bce7ae}</UniqueIdentifier>
    </Filter>
    <Filter Include="Python\src\gui">
      <UniqueIdentifier>{2fbdb2c1-514b-5cf8-6f41-fc8a007a3e55}</UniqueIdentifier>
    </Filter>
    <Filter Include="Python\src\gui\windows">
      <UniqueIdentifier>{96b912e8-060e-93af-d15a-fb1c5ba2c117}</UniqueIdentifier>
    </Filter>
  </ItemGroup>
  <ItemGroup>
    <ClCompile Include="Private\GhostRiggerWindowsAnimationRetargetWorkbench.cpp">
      <Filter>Private</Filter>
    </ClCompile>
    <ClCompile Include="Private\PythonFunctions\InstanceMethods.cpp">
      <Filter>Private\PythonFunctions</Filter>
    </ClCompile>
    <ClCompile Include="Private\PythonFunctions\ModuleFunctions.cpp">
      <Filter>Private\PythonFunctions</Filter>
    </ClCompile>
  </ItemGroup>
  <ItemGroup>
    <ClInclude Include="Public\GhostRiggerWindowsAnimationRetargetWorkbench.h">
      <Filter>Public</Filter>
    </ClInclude>
    <ClInclude Include="Public\PythonFunctions\InstanceMethods.h">
      <Filter>Public\PythonFunctions</Filter>
    </ClInclude>
    <ClInclude Include="Public\PythonFunctions\ModuleFunctions.h">
      <Filter>Public\PythonFunctions</Filter>
    </ClInclude>
  </ItemGroup>
  <ItemGroup>
    <None Include="GhostRiggerPythonPayload.json" />
    <None Include="GeneratePythonPayload.py" />
    <None Include="Python\src\gui\windows\qt_retarget_preview_controller.py">
      <Filter>Python\src\gui\windows</Filter>
    </None>
    <None Include="Python\src\gui\windows\qt_retarget_window.py">
      <Filter>Python\src\gui\windows</Filter>
    </None>
    <None Include="Python\src\gui\windows\qt_retarget_workbench_controller.py">
      <Filter>Python\src\gui\windows</Filter>
    </None>
    <None Include="Python\src\gui\windows\qt_source_clip_preview_model.py">
      <Filter>Python\src\gui\windows</Filter>
    </None>
  </ItemGroup>
  <ItemGroup>
    <ResourceCompile Include="GhostRiggerPythonPayload.rc" />
  </ItemGroup>
</Project>