<?xml version='1.0' encoding='utf-8'?>
<Project xmlns="http://schemas.microsoft.com/developer/msbuild/2003" ToolsVersion="4.0">
  <ItemGroup>
    <Filter Include="Private">
      <UniqueIdentifier>{ee27263d-6507-975f-1477-d2a66f5dd7a3}</UniqueIdentifier>
    </Filter>
    <Filter Include="Private\PythonFunctions">
      <UniqueIdentifier>{a000559f-b606-e967-f5c8-6ee9bb159339}</UniqueIdentifier>
    </Filter>
    <Filter Include="Public">
      <UniqueIdentifier>{662dcef3-3766-4a1a-9ac5-7feac89fa93d}</UniqueIdentifier>
    </Filter>
    <Filter Include="Public\PythonFunctions">
      <UniqueIdentifier>{dc6ca2fc-6801-1a78-ccfc-16d6e20ba681}</UniqueIdentifier>
    </Filter>
    <Filter Include="Python">
      <UniqueIdentifier>{14f71864-4795-f6cd-c056-bba68cfd76aa}</UniqueIdentifier>
    </Filter>
    <Filter Include="Python\src">
      <UniqueIdentifier>{60237a55-bc1e-f4ec-b360-bf416297545a}</UniqueIdentifier>
    </Filter>
    <Filter Include="Python\src\adapters">
      <UniqueIdentifier>{32b05175-d23b-23bd-a257-f82db7687085}</UniqueIdentifier>
    </Filter>
    <Filter Include="Python\src\adapters\scripts">
      <UniqueIdentifier>{7b53e7d6-bced-55bc-3f39-fca4d2aa2402}</UniqueIdentifier>
    </Filter>
  </ItemGroup>
  <ItemGroup>
    <ClCompile Include="Private\GhostRiggerAdaptersScripts.cpp">
      <Filter>Private</Filter>
    </ClCompile>
    <ClCompile Include="Private\UnavailableScriptCompiler.cpp">
      <Filter>Private</Filter>
    </ClCompile>
    <ClCompile Include="Private\PythonFunctions\InstanceMethods.cpp">
      <Filter>Private\PythonFunctions</Filter>
    </ClCompile>
  </ItemGroup>
  <ItemGroup>
    <ClInclude Include="Public\GhostRiggerAdaptersScripts.h">
      <Filter>Public</Filter>
    </ClInclude>
    <ClInclude Include="Public\UnavailableScriptCompiler.h">
      <Filter>Public</Filter>
    </ClInclude>
    <ClInclude Include="Public\PythonFunctions\InstanceMethods.h">
      <Filter>Public\PythonFunctions</Filter>
    </ClInclude>
  </ItemGroup>
  <ItemGroup>
    <None Include="GhostRiggerPythonPayload.json" />
    <None Include="Python\src\adapters\scripts\__init__.py">
      <Filter>Python\src\adapters\scripts</Filter>
    </None>
    <None Include="Python\src\adapters\scripts\unavailable_compiler.py">
      <Filter>Python\src\adapters\scripts</Filter>
    </None>
  </ItemGroup>
  <ItemGroup>
    <ResourceCompile Include="GhostRiggerPythonPayload.rc" />
  </ItemGroup>
</Project>
