<?xml version='1.0' encoding='utf-8'?>
<Project xmlns="http://schemas.microsoft.com/developer/msbuild/2003" ToolsVersion="4.0">
  <ItemGroup>
    <Filter Include="Private">
      <UniqueIdentifier>{53f6aa0c-f99e-abcd-8bb5-f7122fbfbdac}</UniqueIdentifier>
    </Filter>
    <Filter Include="Public">
      <UniqueIdentifier>{22f39cfa-23bc-d847-2e9b-1d5da9e4f0ec}</UniqueIdentifier>
    </Filter>
  </ItemGroup>
  <ItemGroup>
    <ClCompile Include="Private\GhostRiggerGeometryDEBUG.cpp">
      <Filter>Private</Filter>
    </ClCompile>
  </ItemGroup>
</Project>