<?xml version='1.0' encoding='utf-8'?>
<Project xmlns="http://schemas.microsoft.com/developer/msbuild/2003" ToolsVersion="4.0">
  <ItemGroup>
    <Filter Include="Private">
      <UniqueIdentifier>{b529c3a2-aa11-2a8a-0e59-4addb6d9e88f}</UniqueIdentifier>
    </Filter>
    <Filter Include="Public">
      <UniqueIdentifier>{a8ddcee6-d40a-8140-9f5f-63d250daea25}</UniqueIdentifier>
    </Filter>
  </ItemGroup>
  <ItemGroup>
    <ClCompile Include="Private\GhostRiggerModulesDEBUG.cpp">
      <Filter>Private</Filter>
    </ClCompile>
  </ItemGroup>
</Project>